
Microsoft Visual Studio Solution File, Format Version 12.00
# Visual Studio 2013
VisualStudioVersion = 12.0.30501.0
MinimumVisualStudioVersion = 10.0.40219.1
Project("{FAE04EC0-301F-11D3-BF4B-00C04F79EFBC}") = "Ashraya_MVC_Web_Technology_Project", "Ashraya_MVC_Web_Technology_Project\Ashraya_MVC_Web_Technology_Project.csproj", "{6A1E7D90-9B84-4486-B541-FA10E1258027}"
EndProject
Global
	GlobalSection(SolutionConfigurationPlatforms) = preSolution
		Debug|Any CPU = Debug|Any CPU
		Release|Any CPU = Release|Any CPU
	EndGlobalSection
	GlobalSection(ProjectConfigurationPlatforms) = postSolution
		{6A1E7D90-9B84-4486-B541-FA10E1258027}.Debug|Any CPU.ActiveCfg = Debug|Any CPU
		{6A1E7D90-9B84-4486-B541-FA10E1258027}.Debug|Any CPU.Build.0 = Debug|Any CPU
		{6A1E7D90-9B84-4486-B541-FA10E1258027}.Release|Any CPU.ActiveCfg = Release|Any CPU
		{6A1E7D90-9B84-4486-B541-FA10E1258027}.Release|Any CPU.Build.0 = Release|Any CPU
	EndGlobalSection
	GlobalSection(SolutionProperties) = preSolution
		HideSolutionNode = FALSE
	EndGlobalSection
EndGlobal
